
Microsoft Visual Studio Solution File, Format Version 12.00
# Visual Studio Version 17
VisualStudioVersion = 17.6.33829.357
MinimumVisualStudioVersion = 10.0.40219.1
Project("{8BC9CEB8-8B4A-11D0-8D11-00A0C91BC942}") = "PlantasvsZombies Laboratorio", "PlantasvsZombies Laboratorio\PlantasvsZombies Laboratorio.vcxproj", "{DBB16859-E045-49E8-97FD-E9D6A893A79D}"
EndProject
Global
	GlobalSection(SolutionConfigurationPlatforms) = preSolution
		Debug|x64 = Debug|x64
		Debug|x86 = Debug|x86
		Release|x64 = Release|x64
		Release|x86 = Release|x86
	EndGlobalSection
	GlobalSection(ProjectConfigurationPlatforms) = postSolution
		{DBB16859-E045-49E8-97FD-E9D6A893A79D}.Debug|x64.ActiveCfg = Debug|x64
		{DBB16859-E045-49E8-97FD-E9D6A893A79D}.Debug|x64.Build.0 = Debug|x64
		{DBB16859-E045-49E8-97FD-E9D6A893A79D}.Debug|x86.ActiveCfg = Debug|Win32
		{DBB16859-E045-49E8-97FD-E9D6A893A79D}.Debug|x86.Build.0 = Debug|Win32
		{DBB16859-E045-49E8-97FD-E9D6A893A79D}.Release|x64.ActiveCfg = Release|x64
		{DBB16859-E045-49E8-97FD-E9D6A893A79D}.Release|x64.Build.0 = Release|x64
		{DBB16859-E045-49E8-97FD-E9D6A893A79D}.Release|x86.ActiveCfg = Release|Win32
		{DBB16859-E045-49E8-97FD-E9D6A893A79D}.Release|x86.Build.0 = Release|Win32
	EndGlobalSection
	GlobalSection(SolutionProperties) = preSolution
		HideSolutionNode = FALSE
	EndGlobalSection
	GlobalSection(ExtensibilityGlobals) = postSolution
		SolutionGuid = {937D4DE1-E684-4D9F-8E38-8A7D12F87DFA}
	EndGlobalSection
EndGlobal
